---
mruby:
  version: 4.0.0
  release_no: 40000
builds:
  host:
    https://github.com/iij/mruby-env.git:
      url: https://github.com/iij/mruby-env.git
      branch: master
      commit: 056ae324451ef16a50c7887e117f0ea30921b71b
      version: 0.0.0
    https://github.com/iij/mruby-digest.git:
      url: https://github.com/iij/mruby-digest.git
      branch: master
      commit: 2bd4627d3430921a4290f7622b3e891979d5cee0
      version: 0.0.0
    https://github.com/iij/mruby-process.git:
      url: https://github.com/iij/mruby-process.git
      branch: master
      commit: 95da206a5764f4e80146979b8e35bd7a9afd6850
      version: 0.0.0
    https://github.com/mattn/mruby-json.git:
      url: https://github.com/mattn/mruby-json.git
      branch: master
      commit: b9871a463a1c7b7c81a3100aa128a17539ad7e53
      version: 0.0.0
    https://github.com/mattn/mruby-onig-regexp.git:
      url: https://github.com/mattn/mruby-onig-regexp.git
      branch: master
      commit: 4962d7eb42de079f6b3faec4b40560eb2941eeec
      version: 0.0.0
    https://github.com/matsumotory/mruby-vedis.git:
      url: https://github.com/matsumotory/mruby-vedis.git
      branch: master
      commit: 795b873415c997bfe321b2dda77095fe907c4720
      version: 0.0.1
    https://github.com/matsumotory/mruby-userdata.git:
      url: https://github.com/matsumotory/mruby-userdata.git
      branch: master
      commit: 622542b134f8927700dd94163325154160f6109c
      version: 0.0.0
    https://github.com/matsumotory/mruby-uname.git:
      url: https://github.com/matsumotory/mruby-uname.git
      branch: mruby-4
      commit: c82f8a69179034b509874f62bf740fa5a95ca5a0
      version: 0.0.1
    https://github.com/matsumotory/mruby-mutex.git:
      url: https://github.com/matsumotory/mruby-mutex.git
      branch: master
      commit: 032a06887523b5c4d1ee6ba7914e98aa3474288d
      version: 0.0.0
    https://github.com/matsumotory/mruby-localmemcache.git:
      url: https://github.com/matsumotory/mruby-localmemcache.git
      branch: master
      commit: 74b0969d3e2a5ccb80811950b22e147c85280d7c
      version: 0.0.0
    https://github.com/monochromegane/mruby-secure-random.git:
      url: https://github.com/monochromegane/mruby-secure-random.git
      branch: master
      commit: 4971702e8cd299054b3220b4adb6bc3031ae2881
      version: 0.0.0
    https://github.com/ksss/mruby-stringio.git:
      url: https://github.com/ksss/mruby-stringio.git
      branch: master
      commit: 32acb9ea9ad1aa1db8088625252988e98770188a
      version: 0.0.0
  test:
    https://github.com/matsumotory/mruby-simplehttp.git:
      url: https://github.com/matsumotory/mruby-simplehttp.git
      branch: master
      commit: 5c194a1c52acbede2cd28340b61b033a40618a6f
      version: 0.0.1
    https://github.com/matsumotory/mruby-httprequest.git:
      url: https://github.com/matsumotory/mruby-httprequest.git
      branch: master
      commit: 628d43dca8b9231b75cb966a471f171e735bb907
      version: 0.0.1
    https://github.com/matsumotory/mruby-uname.git:
      url: https://github.com/matsumotory/mruby-uname.git
      branch: mruby-4
      commit: c82f8a69179034b509874f62bf740fa5a95ca5a0
      version: 0.0.1
    https://github.com/matsumotory/mruby-simpletest.git:
      url: https://github.com/matsumotory/mruby-simpletest.git
      branch: master
      commit: dbc7605ea83260a0a014101faa51bfb953100a13
      version: 0.0.1
    https://github.com/mattn/mruby-http.git:
      url: https://github.com/mattn/mruby-http.git
      branch: master
      commit: 003c2af0a059c50a3546001860108ff4bf3a2cac
      version: 0.0.0
    https://github.com/mattn/mruby-json.git:
      url: https://github.com/mattn/mruby-json.git
      branch: master
      commit: b9871a463a1c7b7c81a3100aa128a17539ad7e53
      version: 0.0.0
    https://github.com/iij/mruby-env.git:
      url: https://github.com/iij/mruby-env.git
      branch: master
      commit: 056ae324451ef16a50c7887e117f0ea30921b71b
      version: 0.0.0
